
Microsoft Visual Studio Solution File, Format Version 12.00
# Visual Studio 14
VisualStudioVersion = 14.0.25420.1
MinimumVisualStudioVersion = 10.0.40219.1
Project("{FAE04EC0-301F-11D3-BF4B-00C04F79EFBC}") = "InventorySimulation", "InventorySimulation\InventorySimulation.csproj", "{030CB62A-9D1B-411D-90C7-A74AABD04EC9}"
EndProject
Project("{FAE04EC0-301F-11D3-BF4B-00C04F79EFBC}") = "InventoryModels", "InventoryModels\InventoryModels.csproj", "{AF5CF0AE-2D6B-4A56-BC72-78A2E269F255}"
EndProject
Global
	GlobalSection(SolutionConfigurationPlatforms) = preSolution
		Debug|Any CPU = Debug|Any CPU
		Release|Any CPU = Release|Any CPU
	EndGlobalSection
	GlobalSection(ProjectConfigurationPlatforms) = postSolution
		{030CB62A-9D1B-411D-90C7-A74AABD04EC9}.Debug|Any CPU.ActiveCfg = Debug|Any CPU
		{030CB62A-9D1B-411D-90C7-A74AABD04EC9}.Debug|Any CPU.Build.0 = Debug|Any CPU
		{030CB62A-9D1B-411D-90C7-A74AABD04EC9}.Release|Any CPU.ActiveCfg = Release|Any CPU
		{030CB62A-9D1B-411D-90C7-A74AABD04EC9}.Release|Any CPU.Build.0 = Release|Any CPU
		{AF5CF0AE-2D6B-4A56-BC72-78A2E269F255}.Debug|Any CPU.ActiveCfg = Debug|Any CPU
		{AF5CF0AE-2D6B-4A56-BC72-78A2E269F255}.Debug|Any CPU.Build.0 = Debug|Any CPU
		{AF5CF0AE-2D6B-4A56-BC72-78A2E269F255}.Release|Any CPU.ActiveCfg = Release|Any CPU
		{AF5CF0AE-2D6B-4A56-BC72-78A2E269F255}.Release|Any CPU.Build.0 = Release|Any CPU
	EndGlobalSection
	GlobalSection(SolutionProperties) = preSolution
		HideSolutionNode = FALSE
	EndGlobalSection
EndGlobal
